
Microsoft Visual Studio Solution File, Format Version 12.00
# Visual Studio Version 16
VisualStudioVersion = 16.0.29509.3
MinimumVisualStudioVersion = 10.0.40219.1
Project("{FAE04EC0-301F-11D3-BF4B-00C04F79EFBC}") = "Game", "Game\Game.csproj", "{8FD8B1C2-657E-4777-8655-3F123AA5979C}"
EndProject
Global
	GlobalSection(SolutionConfigurationPlatforms) = preSolution
		Debug|Any CPU = Debug|Any CPU
		Release|Any CPU = Release|Any CPU
	EndGlobalSection
	GlobalSection(ProjectConfigurationPlatforms) = postSolution
		{8FD8B1C2-657E-4777-8655-3F123AA5979C}.Debug|Any CPU.ActiveCfg = Debug|Any CPU
		{8FD8B1C2-657E-4777-8655-3F123AA5979C}.Debug|Any CPU.Build.0 = Debug|Any CPU
		{8FD8B1C2-657E-4777-8655-3F123AA5979C}.Release|Any CPU.ActiveCfg = Release|Any CPU
		{8FD8B1C2-657E-4777-8655-3F123AA5979C}.Release|Any CPU.Build.0 = Release|Any CPU
	EndGlobalSection
	GlobalSection(SolutionProperties) = preSolution
		HideSolutionNode = FALSE
	EndGlobalSection
	GlobalSection(ExtensibilityGlobals) = postSolution
		SolutionGuid = {863E0634-24B9-4F09-8577-CFFD2C1FFDDC}
	EndGlobalSection
EndGlobal
